
Microsoft Visual Studio Solution File, Format Version 12.00
# Visual Studio Version 17
VisualStudioVersion = 17.11.35219.272
MinimumVisualStudioVersion = 10.0.40219.1
Project("{FAE04EC0-301F-11D3-BF4B-00C04F79EFBC}") = "BasicInfo.API", "BasicInfo.API\BasicInfo.API.csproj", "{28070835-6D5D-412E-9707-80A438345C8B}"
EndProject
Global
	GlobalSection(SolutionConfigurationPlatforms) = preSolution
		Debug|Any CPU = Debug|Any CPU
		Release|Any CPU = Release|Any CPU
	EndGlobalSection
	GlobalSection(ProjectConfigurationPlatforms) = postSolution
		{28070835-6D5D-412E-9707-80A438345C8B}.Debug|Any CPU.ActiveCfg = Debug|Any CPU
		{28070835-6D5D-412E-9707-80A438345C8B}.Debug|Any CPU.Build.0 = Debug|Any CPU
		{28070835-6D5D-412E-9707-80A438345C8B}.Release|Any CPU.ActiveCfg = Release|Any CPU
		{28070835-6D5D-412E-9707-80A438345C8B}.Release|Any CPU.Build.0 = Release|Any CPU
	EndGlobalSection
	GlobalSection(SolutionProperties) = preSolution
		HideSolutionNode = FALSE
	EndGlobalSection
	GlobalSection(ExtensibilityGlobals) = postSolution
		SolutionGuid = {D4A5DBC6-ED7A-4D16-9279-D5DAC3637170}
	EndGlobalSection
EndGlobal
